<?xml version="1.0" encoding="utf-8"?>
<Project ToolsVersion="4.0" xmlns="http://schemas.microsoft.com/developer/msbuild/2003">
  <ItemGroup>
    <Filter Include="Source Files">
      <UniqueIdentifier>{4FC737F1-C7A5-4376-A066-2A32D752A2FF}</UniqueIdentifier>
      <Extensions>cpp;c;cc;cxx;c++;cppm;ixx;def;odl;idl;hpj;bat;asm;asmx</Extensions>
    </Filter>
    <Filter Include="Header Files">
      <UniqueIdentifier>{93995380-89BD-4b04-88EB-625FBE52EBFB}</UniqueIdentifier>
      <Extensions>h;hh;hpp;hxx;h++;hm;inl;inc;ipp;xsd</Extensions>
    </Filter>
    <Filter Include="Resource Files">
      <UniqueIdentifier>{67DA6AB6-F800-4c08-8B7A-83BB121AAD01}</UniqueIdentifier>
      <Extensions>rc;ico;cur;bmp;dlg;rc2;rct;bin;rgs;gif;jpg;jpeg;jpe;resx;tiff;tif;png;wav;mfcribbon-ms</Extensions>
    </Filter>
  </ItemGroup>
  <ItemGroup>
    <ClInclude Include="Library\framework.h">
      <Filter>Header Files</Filter>
    </ClInclude>
    <ClInclude Include="Library\targetver.h">
      <Filter>Header Files</Filter>
    </ClInclude>
    <ClInclude Include="Library\Resource.h">
      <Filter>Header Files</Filter>
    </ClInclude>
    <ClInclude Include="Library\Novadesk.h">
      <Filter>Header Files</Filter>
    </ClInclude>
    <ClInclude Include="Library\System.h">
      <Filter>Header Files</Filter>
    </ClInclude>
    <ClInclude Include="Library\Widget.h">
      <Filter>Header Files</Filter>
    </ClInclude>
    <ClInclude Include="Library\ColorUtil.h">
      <Filter>Header Files</Filter>
    </ClInclude>
    <ClInclude Include="Library\Logging.h">
      <Filter>Header Files</Filter>
    </ClInclude>
    <ClInclude Include="Library\JSApi\JSCommon.h">
      <Filter>Header Files</Filter>
    </ClInclude>
    <ClInclude Include="Library\JSApi\JSUtils.h">
      <Filter>Header Files</Filter>
    </ClInclude>
    <ClInclude Include="Library\JSApi\JSSystem.h">
      <Filter>Header Files</Filter>
    </ClInclude>
    <ClInclude Include="Library\JSApi\JSWidget.h">
      <Filter>Header Files</Filter>
    </ClInclude>
    <ClInclude Include="Library\JSApi\JSElement.h">
      <Filter>Header Files</Filter>
    </ClInclude>
    <ClInclude Include="Library\JSApi\JSContextMenu.h">
      <Filter>Header Files</Filter>
    </ClInclude>
    <ClInclude Include="Library\JSApi\JSEvents.h">
      <Filter>Header Files</Filter>
    </ClInclude>
    <ClInclude Include="Library\Utils.h">
      <Filter>Header Files</Filter>
    </ClInclude>
    <ClInclude Include="Library\CPUMonitor.h">
      <Filter>Header Files</Filter>
    </ClInclude>
    <ClInclude Include="Library\MemoryMonitor.h">
      <Filter>Header Files</Filter>
    </ClInclude>
    <ClInclude Include="Library\ImageElement.h">
      <Filter>Header Files</Filter>
    </ClInclude>
    <ClInclude Include="Library\Element.h">
      <Filter>Header Files</Filter>
    </ClInclude>
    <ClInclude Include="Library\TextElement.h">
      <Filter>Header Files</Filter>
    </ClInclude>
    <ClInclude Include="Library\Settings.h">
      <Filter>Header Files</Filter>
    </ClInclude>
    <ClInclude Include="Library\json\json.hpp">
      <Filter>Header Files</Filter>
    </ClInclude>
    <ClInclude Include="Library\NetworkMonitor.h">
      <Filter>Header Files</Filter>
    </ClInclude>
    <ClInclude Include="Library\MouseMonitor.h">
      <Filter>Header Files</Filter>
    </ClInclude>
    <ClInclude Include="Library\DiskMonitor.h">
      <Filter>Header Files</Filter>
    </ClInclude>
    <ClInclude Include="Library\Hotkey.h">
      <Filter>Header Files</Filter>
    </ClInclude>
    <ClInclude Include="Library\PathUtils.h">
      <Filter>Header Files</Filter>
    </ClInclude>
    <ClInclude Include="Library\FileUtils.h">
      <Filter>Header Files</Filter>
    </ClInclude>
    <ClInclude Include="Library\TimerManager.h">
      <Filter>Header Files</Filter>
    </ClInclude>
    <ClInclude Include="Library\PropertyParser.h">
      <Filter>Header Files</Filter>
    </ClInclude>
    <ClInclude Include="Library\JSApi\JSApi.h">
      <Filter>Header Files</Filter>
    </ClInclude>
    <ClInclude Include="Library\JSApi\duktape\duktape.h">
      <Filter>Header Files</Filter>
    </ClInclude>
    <ClInclude Include="Library\JSApi\JSIPC.h">
      <Filter>Header Files</Filter>
    </ClInclude>
    <ClInclude Include="Library\JSApi\JSPath.h">
      <Filter>Header Files</Filter>
    </ClInclude>
    <ClInclude Include="Library\JSApi\JSApp.h">
      <Filter>Header Files</Filter>
    </ClInclude>
  </ItemGroup>
  <ItemGroup>
    <ClCompile Include="Library\Novadesk.cpp">
      <Filter>Source Files</Filter>
    </ClCompile>
    <ClCompile Include="Library\System.cpp">
      <Filter>Source Files</Filter>
    </ClCompile>
    <ClCompile Include="Library\Widget.cpp">
      <Filter>Source Files</Filter>
    </ClCompile>
    <ClCompile Include="Library\JSApi\JSCommon.cpp">
      <Filter>Source Files</Filter>
    </ClCompile>
    <ClCompile Include="Library\JSApi\JSUtils.cpp">
      <Filter>Source Files</Filter>
    </ClCompile>
    <ClCompile Include="Library\JSApi\JSSystem.cpp">
      <Filter>Source Files</Filter>
    </ClCompile>
    <ClCompile Include="Library\JSApi\JSWidget.cpp">
      <Filter>Source Files</Filter>
    </ClCompile>
    <ClCompile Include="Library\JSApi\JSElement.cpp">
      <Filter>Source Files</Filter>
    </ClCompile>
    <ClCompile Include="Library\JSApi\JSContextMenu.cpp">
      <Filter>Source Files</Filter>
    </ClCompile>
    <ClCompile Include="Library\JSApi\JSEvents.cpp">
      <Filter>Source Files</Filter>
    </ClCompile>
    <ClCompile Include="Library\Utils.cpp">
      <Filter>Source Files</Filter>
    </ClCompile>
    <ClCompile Include="Library\CPUMonitor.cpp">
      <Filter>Source Files</Filter>
    </ClCompile>
    <ClCompile Include="Library\MemoryMonitor.cpp">
      <Filter>Source Files</Filter>
    </ClCompile>
    <ClCompile Include="Library\Logging.cpp">
      <Filter>Source Files</Filter>
    </ClCompile>
    <ClCompile Include="Library\ImageElement.cpp">
      <Filter>Source Files</Filter>
    </ClCompile>
    <ClCompile Include="Library\TextElement.cpp">
      <Filter>Source Files</Filter>
    </ClCompile>
    <ClCompile Include="Library\Settings.cpp">
      <Filter>Source Files</Filter>
    </ClCompile>
    <ClCompile Include="Library\NetworkMonitor.cpp">
      <Filter>Source Files</Filter>
    </ClCompile>
    <ClCompile Include="Library\MouseMonitor.cpp">
      <Filter>Source Files</Filter>
    </ClCompile>
    <ClCompile Include="Library\DiskMonitor.cpp">
      <Filter>Source Files</Filter>
    </ClCompile>
    <ClCompile Include="Library\Hotkey.cpp">
      <Filter>Source Files</Filter>
    </ClCompile>
    <ClCompile Include="Library\PathUtils.cpp">
      <Filter>Source Files</Filter>
    </ClCompile>
    <ClCompile Include="Library\FileUtils.cpp">
      <Filter>Source Files</Filter>
    </ClCompile>
    <ClCompile Include="Library\TimerManager.cpp">
      <Filter>Source Files</Filter>
    </ClCompile>
    <ClCompile Include="Library\PropertyParser.cpp">
      <Filter>Source Files</Filter>
    </ClCompile>
    <ClCompile Include="Library\Element.cpp">
      <Filter>Source Files</Filter>
    </ClCompile>
    <ClCompile Include="Library\JSApi\JSApi.cpp">
      <Filter>Source Files</Filter>
    </ClCompile>
    <ClCompile Include="Library\JSApi\duktape\duktape.c">
      <Filter>Source Files</Filter>
    </ClCompile>
    <ClCompile Include="Library\JSApi\JSIPC.cpp">
      <Filter>Source Files</Filter>
    </ClCompile>
    <ClCompile Include="Library\JSApi\JSPath.cpp">
      <Filter>Source Files</Filter>
    </ClCompile>
    <ClCompile Include="Library\JSApi\JSApp.cpp">
      <Filter>Source Files</Filter>
    </ClCompile>
  </ItemGroup>
  <ItemGroup>
    <ResourceCompile Include="Novadesk.rc">
      <Filter>Resource Files</Filter>
    </ResourceCompile>
  </ItemGroup>
  <ItemGroup>
    <Image Include="assets\Novadesk.ico">
      <Filter>Resource Files</Filter>
    </Image>
  </ItemGroup>
</Project>