<?xml version="1.0" encoding="utf-8"?>
<Project ToolsVersion="4.0" xmlns="http://schemas.microsoft.com/developer/msbuild/2003">
  <ItemGroup>
    <Filter Include="Library">
      <UniqueIdentifier>{f151590b-0447-4952-ba66-99661bc1655b}</UniqueIdentifier>
    </Filter>
    <Filter Include="Library\JSApi">
      <UniqueIdentifier>{e83b40d6-0cba-4581-9988-5182187f58d2}</UniqueIdentifier>
    </Filter>
    <Filter Include="Library\JSApi\duktape">
      <UniqueIdentifier>{728f32a7-6f8d-4f1b-8012-6800d989f664}</UniqueIdentifier>
    </Filter>
    <Filter Include="Library\json">
      <UniqueIdentifier>{c66e70a1-d70c-437b-99d6-54070a2f9c9b}</UniqueIdentifier>
    </Filter>
    <Filter Include="assets">
      <UniqueIdentifier>{a5839213-33df-4654-8c88-e9f0d1a49999}</UniqueIdentifier>
    </Filter>
  </ItemGroup>
  <ItemGroup>
    <!-- Library Headers -->
    <ClInclude Include="Library\BarElement.h"><Filter>Library</Filter></ClInclude>
    <ClInclude Include="Library\CPUMonitor.h"><Filter>Library</Filter></ClInclude>
    <ClInclude Include="Library\ColorUtil.h"><Filter>Library</Filter></ClInclude>
    <ClInclude Include="Library\Direct2DHelper.h"><Filter>Library</Filter></ClInclude>
    <ClInclude Include="Library\DiskMonitor.h"><Filter>Library</Filter></ClInclude>
    <ClInclude Include="Library\Element.h"><Filter>Library</Filter></ClInclude>
    <ClInclude Include="Library\FileUtils.h"><Filter>Library</Filter></ClInclude>
    <ClInclude Include="Library\Hotkey.h"><Filter>Library</Filter></ClInclude>
    <ClInclude Include="Library\ImageElement.h"><Filter>Library</Filter></ClInclude>
    <ClInclude Include="Library\Logging.h"><Filter>Library</Filter></ClInclude>
    <ClInclude Include="Library\MemoryMonitor.h"><Filter>Library</Filter></ClInclude>
    <ClInclude Include="Library\MenuItem.h"><Filter>Library</Filter></ClInclude>
    <ClInclude Include="Library\MenuUtils.h"><Filter>Library</Filter></ClInclude>
    <ClInclude Include="Library\MouseMonitor.h"><Filter>Library</Filter></ClInclude>
    <ClInclude Include="Library\NetworkMonitor.h"><Filter>Library</Filter></ClInclude>
    <ClInclude Include="Library\Novadesk.h"><Filter>Library</Filter></ClInclude>
    <ClInclude Include="Library\PathUtils.h"><Filter>Library</Filter></ClInclude>
    <ClInclude Include="Library\PropertyParser.h"><Filter>Library</Filter></ClInclude>
    <ClInclude Include="Library\Resource.h"><Filter>Library</Filter></ClInclude>
    <ClInclude Include="Library\Settings.h"><Filter>Library</Filter></ClInclude>
    <ClInclude Include="Library\System.h"><Filter>Library</Filter></ClInclude>
    <ClInclude Include="Library\TextElement.h"><Filter>Library</Filter></ClInclude>
    <ClInclude Include="Library\TimerManager.h"><Filter>Library</Filter></ClInclude>
    <ClInclude Include="Library\Tooltip.h"><Filter>Library</Filter></ClInclude>
    <ClInclude Include="Library\Utils.h"><Filter>Library</Filter></ClInclude>
    <ClInclude Include="Library\Version.h"><Filter>Library</Filter></ClInclude>
    <ClInclude Include="Library\Widget.h"><Filter>Library</Filter></ClInclude>
    <ClInclude Include="Library\framework.h"><Filter>Library</Filter></ClInclude>
    <ClInclude Include="Library\targetver.h"><Filter>Library</Filter></ClInclude>

    <!-- JSApi Headers -->
    <ClInclude Include="Library\JSApi\JSApi.h"><Filter>Library\JSApi</Filter></ClInclude>
    <ClInclude Include="Library\JSApi\JSAudio.h"><Filter>Library\JSApi</Filter></ClInclude>
    <ClInclude Include="Library\JSApi\JSClipboard.h"><Filter>Library\JSApi</Filter></ClInclude>
    <ClInclude Include="Library\JSApi\JSCommon.h"><Filter>Library\JSApi</Filter></ClInclude>
    <ClInclude Include="Library\JSApi\JSContextMenu.h"><Filter>Library\JSApi</Filter></ClInclude>
    <ClInclude Include="Library\JSApi\JSElement.h"><Filter>Library\JSApi</Filter></ClInclude>
    <ClInclude Include="Library\JSApi\JSEvents.h"><Filter>Library\JSApi</Filter></ClInclude>
    <ClInclude Include="Library\JSApi\JSIPC.h"><Filter>Library\JSApi</Filter></ClInclude>
    <ClInclude Include="Library\JSApi\JSJson.h"><Filter>Library\JSApi</Filter></ClInclude>
    <ClInclude Include="Library\JSApi\JSNovadeskTray.h"><Filter>Library\JSApi</Filter></ClInclude>
    <ClInclude Include="Library\JSApi\JSPath.h"><Filter>Library\JSApi</Filter></ClInclude>
    <ClInclude Include="Library\JSApi\JSPower.h"><Filter>Library\JSApi</Filter></ClInclude>
    <ClInclude Include="Library\JSApi\JSRegistry.h"><Filter>Library\JSApi</Filter></ClInclude>
    <ClInclude Include="Library\JSApi\JSSystem.h"><Filter>Library\JSApi</Filter></ClInclude>
    <ClInclude Include="Library\JSApi\JSUtils.h"><Filter>Library\JSApi</Filter></ClInclude>
    <ClInclude Include="Library\JSApi\JSWebFetch.h"><Filter>Library\JSApi</Filter></ClInclude>
    <ClInclude Include="Library\JSApi\JSWidget.h"><Filter>Library\JSApi</Filter></ClInclude>
    <ClInclude Include="Library\JSApi\novadesk_addon.h"><Filter>Library\JSApi</Filter></ClInclude>

    <!-- Other Headers -->
    <ClInclude Include="Library\json\json.hpp"><Filter>Library\json</Filter></ClInclude>
    <ClInclude Include="Library\JSApi\duktape\duktape.h"><Filter>Library\JSApi\duktape</Filter></ClInclude>
  </ItemGroup>
  <ItemGroup>
    <!-- Library Sources -->
    <ClCompile Include="Library\BarElement.cpp"><Filter>Library</Filter></ClCompile>
    <ClCompile Include="Library\CPUMonitor.cpp"><Filter>Library</Filter></ClCompile>
    <ClCompile Include="Library\Direct2DHelper.cpp"><Filter>Library</Filter></ClCompile>
    <ClCompile Include="Library\DiskMonitor.cpp"><Filter>Library</Filter></ClCompile>
    <ClCompile Include="Library\Element.cpp"><Filter>Library</Filter></ClCompile>
    <ClCompile Include="Library\FileUtils.cpp"><Filter>Library</Filter></ClCompile>
    <ClCompile Include="Library\Hotkey.cpp"><Filter>Library</Filter></ClCompile>
    <ClCompile Include="Library\ImageElement.cpp"><Filter>Library</Filter></ClCompile>
    <ClCompile Include="Library\Logging.cpp"><Filter>Library</Filter></ClCompile>
    <ClCompile Include="Library\MemoryMonitor.cpp"><Filter>Library</Filter></ClCompile>
    <ClCompile Include="Library\MenuUtils.cpp"><Filter>Library</Filter></ClCompile>
    <ClCompile Include="Library\MouseMonitor.cpp"><Filter>Library</Filter></ClCompile>
    <ClCompile Include="Library\NetworkMonitor.cpp"><Filter>Library</Filter></ClCompile>
    <ClCompile Include="Library\Novadesk.cpp"><Filter>Library</Filter></ClCompile>
    <ClCompile Include="Library\PathUtils.cpp"><Filter>Library</Filter></ClCompile>
    <ClCompile Include="Library\PropertyParser.cpp"><Filter>Library</Filter></ClCompile>
    <ClCompile Include="Library\Settings.cpp"><Filter>Library</Filter></ClCompile>
    <ClCompile Include="Library\System.cpp"><Filter>Library</Filter></ClCompile>
    <ClCompile Include="Library\TextElement.cpp"><Filter>Library</Filter></ClCompile>
    <ClCompile Include="Library\TimerManager.cpp"><Filter>Library</Filter></ClCompile>
    <ClCompile Include="Library\Tooltip.cpp"><Filter>Library</Filter></ClCompile>
    <ClCompile Include="Library\Utils.cpp"><Filter>Library</Filter></ClCompile>
    <ClCompile Include="Library\Widget.cpp"><Filter>Library</Filter></ClCompile>

    <!-- JSApi Sources -->
    <ClCompile Include="Library\JSApi\JSApi.cpp"><Filter>Library\JSApi</Filter></ClCompile>
    <ClCompile Include="Library\JSApi\JSAudio.cpp"><Filter>Library\JSApi</Filter></ClCompile>
    <ClCompile Include="Library\JSApi\JSClipboard.cpp"><Filter>Library\JSApi</Filter></ClCompile>
    <ClCompile Include="Library\JSApi\JSCommon.cpp"><Filter>Library\JSApi</Filter></ClCompile>
    <ClCompile Include="Library\JSApi\JSContextMenu.cpp"><Filter>Library\JSApi</Filter></ClCompile>
    <ClCompile Include="Library\JSApi\JSElement.cpp"><Filter>Library\JSApi</Filter></ClCompile>
    <ClCompile Include="Library\JSApi\JSEvents.cpp"><Filter>Library\JSApi</Filter></ClCompile>
    <ClCompile Include="Library\JSApi\JSIPC.cpp"><Filter>Library\JSApi</Filter></ClCompile>
    <ClCompile Include="Library\JSApi\JSJson.cpp"><Filter>Library\JSApi</Filter></ClCompile>
    <ClCompile Include="Library\JSApi\JSNovadeskTray.cpp"><Filter>Library\JSApi</Filter></ClCompile>
    <ClCompile Include="Library\JSApi\JSPath.cpp"><Filter>Library\JSApi</Filter></ClCompile>
    <ClCompile Include="Library\JSApi\JSPower.cpp"><Filter>Library\JSApi</Filter></ClCompile>
    <ClCompile Include="Library\JSApi\JSRegistry.cpp"><Filter>Library\JSApi</Filter></ClCompile>
    <ClCompile Include="Library\JSApi\JSSystem.cpp"><Filter>Library\JSApi</Filter></ClCompile>
    <ClCompile Include="Library\JSApi\JSUtils.cpp"><Filter>Library\JSApi</Filter></ClCompile>
    <ClCompile Include="Library\JSApi\JSWebFetch.cpp"><Filter>Library\JSApi</Filter></ClCompile>
    <ClCompile Include="Library\JSApi\JSWidget.cpp"><Filter>Library\JSApi</Filter></ClCompile>

    <!-- Other Sources -->
    <ClCompile Include="Library\JSApi\duktape\duktape.c"><Filter>Library\JSApi\duktape</Filter></ClCompile>
  </ItemGroup>
  <ItemGroup>
    <ResourceCompile Include="Novadesk.rc" />
  </ItemGroup>
  <ItemGroup>
    <Image Include="assets\Novadesk.ico">
      <Filter>assets</Filter>
    </Image>
  </ItemGroup>
</Project>