Microsoft Visual Studio Solution File, Format Version 12.00
# Visual Studio Version 17
VisualStudioVersion = 17.0.31903.59
MinimumVisualStudioVersion = 10.0.40219.1
Project("{8BC9CEB8-8B4A-11D0-8D11-00A0C91BC942}") = "installer_stub", "src\apps\installer_stub\installer_stub.vcxproj", "{B1B2B3B4-1111-2222-3333-444455556666}"
EndProject
Project("{8BC9CEB8-8B4A-11D0-8D11-00A0C91BC942}") = "nwm", "src\apps\nwm\nwm.vcxproj", "{AABBCCDD-1122-3344-5566-77889900AABB}"
EndProject
Project("{8BC9CEB8-8B4A-11D0-8D11-00A0C91BC942}") = "manage_novadesk", "src\apps\manage_novadesk\manage_novadesk.vcxproj", "{6E7E2C27-4E3B-4C27-A9E9-6D6F6E7B9A10}"
EndProject
Project("{8BC9CEB8-8B4A-11D0-8D11-00A0C91BC942}") = "restart_novadesk", "src\apps\restart_novadesk\restart_novadesk.vcxproj", "{8D528949-0680-4820-90CC-7EAA64F7EE4A}"
EndProject
Project("{8BC9CEB8-8B4A-11D0-8D11-00A0C91BC942}") = "ndpkg_installer", "src\apps\ndpkg_installer\ndpkg_installer.vcxproj", "{0E171D52-4E8E-498D-A37D-2A63452C145E}"
EndProject
Project("{8BC9CEB8-8B4A-11D0-8D11-00A0C91BC942}") = "AppVolume", "src\addons\AppVolume\AppVolume.vcxproj", "{8B8772D5-08E0-4FB8-B3A3-AE5CE2FA53C1}"
EndProject
Project("{8BC9CEB8-8B4A-11D0-8D11-00A0C91BC942}") = "AudioLevel", "src\addons\AudioLevel\AudioLevel.vcxproj", "{C8C4018B-1A8D-4FD8-9E5C-95B8F3F853D2}"
EndProject
Project("{8BC9CEB8-8B4A-11D0-8D11-00A0C91BC942}") = "Brightness", "src\addons\Brightness\Brightness.vcxproj", "{5A4AB5B5-9115-4F10-9008-B8EA7D57A533}"
EndProject
Project("{8BC9CEB8-8B4A-11D0-8D11-00A0C91BC942}") = "Hotkey", "src\addons\Hotkey\Hotkey.vcxproj", "{2617169D-E5A2-4CA8-9F93-8BB7C4F6A504}"
EndProject
Project("{8BC9CEB8-8B4A-11D0-8D11-00A0C91BC942}") = "NowPlaying", "src\addons\NowPlaying\NowPlaying.vcxproj", "{D6CDAF13-6A78-4A18-93AB-3B2D0CC99E35}"
EndProject
Project("{8BC9CEB8-8B4A-11D0-8D11-00A0C91BC942}") = "InputBox", "src\addons\InputBox\InputBox.vcxproj", "{7EA0B44A-3223-4C2F-8D3B-9A4C8DFF1122}"
EndProject
Project("{8BC9CEB8-8B4A-11D0-8D11-00A0C91BC942}") = "BlurBehind", "src\addons\BlurBehind\BlurBehind.vcxproj", "{A589BDAD-F0C4-49AF-85F6-57A57FCC6B3D}"
EndProject
Global
	GlobalSection(SolutionConfigurationPlatforms) = preSolution
		Debug|x64 = Debug|x64
		Release|x64 = Release|x64
	EndGlobalSection
	GlobalSection(ProjectConfigurationPlatforms) = postSolution
		{B1B2B3B4-1111-2222-3333-444455556666}.Debug|x64.ActiveCfg = Debug|x64
		{B1B2B3B4-1111-2222-3333-444455556666}.Debug|x64.Build.0 = Debug|x64
		{B1B2B3B4-1111-2222-3333-444455556666}.Release|x64.ActiveCfg = Release|x64
		{B1B2B3B4-1111-2222-3333-444455556666}.Release|x64.Build.0 = Release|x64
		{AABBCCDD-1122-3344-5566-77889900AABB}.Debug|x64.ActiveCfg = Debug|x64
		{AABBCCDD-1122-3344-5566-77889900AABB}.Debug|x64.Build.0 = Debug|x64
		{AABBCCDD-1122-3344-5566-77889900AABB}.Release|x64.ActiveCfg = Release|x64
		{AABBCCDD-1122-3344-5566-77889900AABB}.Release|x64.Build.0 = Release|x64
		{6E7E2C27-4E3B-4C27-A9E9-6D6F6E7B9A10}.Debug|x64.ActiveCfg = Debug|x64
		{6E7E2C27-4E3B-4C27-A9E9-6D6F6E7B9A10}.Debug|x64.Build.0 = Debug|x64
		{6E7E2C27-4E3B-4C27-A9E9-6D6F6E7B9A10}.Release|x64.ActiveCfg = Release|x64
		{6E7E2C27-4E3B-4C27-A9E9-6D6F6E7B9A10}.Release|x64.Build.0 = Release|x64
		{8D528949-0680-4820-90CC-7EAA64F7EE4A}.Debug|x64.ActiveCfg = Debug|x64
		{8D528949-0680-4820-90CC-7EAA64F7EE4A}.Debug|x64.Build.0 = Debug|x64
		{8D528949-0680-4820-90CC-7EAA64F7EE4A}.Release|x64.ActiveCfg = Release|x64
		{8D528949-0680-4820-90CC-7EAA64F7EE4A}.Release|x64.Build.0 = Release|x64
		{0E171D52-4E8E-498D-A37D-2A63452C145E}.Debug|x64.ActiveCfg = Debug|x64
		{0E171D52-4E8E-498D-A37D-2A63452C145E}.Debug|x64.Build.0 = Debug|x64
		{0E171D52-4E8E-498D-A37D-2A63452C145E}.Release|x64.ActiveCfg = Release|x64
		{0E171D52-4E8E-498D-A37D-2A63452C145E}.Release|x64.Build.0 = Release|x64
		{8B8772D5-08E0-4FB8-B3A3-AE5CE2FA53C1}.Debug|x64.ActiveCfg = Debug|x64
		{8B8772D5-08E0-4FB8-B3A3-AE5CE2FA53C1}.Debug|x64.Build.0 = Debug|x64
		{8B8772D5-08E0-4FB8-B3A3-AE5CE2FA53C1}.Release|x64.ActiveCfg = Release|x64
		{8B8772D5-08E0-4FB8-B3A3-AE5CE2FA53C1}.Release|x64.Build.0 = Release|x64
		{C8C4018B-1A8D-4FD8-9E5C-95B8F3F853D2}.Debug|x64.ActiveCfg = Debug|x64
		{C8C4018B-1A8D-4FD8-9E5C-95B8F3F853D2}.Debug|x64.Build.0 = Debug|x64
		{C8C4018B-1A8D-4FD8-9E5C-95B8F3F853D2}.Release|x64.ActiveCfg = Release|x64
		{C8C4018B-1A8D-4FD8-9E5C-95B8F3F853D2}.Release|x64.Build.0 = Release|x64
		{5A4AB5B5-9115-4F10-9008-B8EA7D57A533}.Debug|x64.ActiveCfg = Debug|x64
		{5A4AB5B5-9115-4F10-9008-B8EA7D57A533}.Debug|x64.Build.0 = Debug|x64
		{5A4AB5B5-9115-4F10-9008-B8EA7D57A533}.Release|x64.ActiveCfg = Release|x64
		{5A4AB5B5-9115-4F10-9008-B8EA7D57A533}.Release|x64.Build.0 = Release|x64
		{2617169D-E5A2-4CA8-9F93-8BB7C4F6A504}.Debug|x64.ActiveCfg = Debug|x64
		{2617169D-E5A2-4CA8-9F93-8BB7C4F6A504}.Debug|x64.Build.0 = Debug|x64
		{2617169D-E5A2-4CA8-9F93-8BB7C4F6A504}.Release|x64.ActiveCfg = Release|x64
		{2617169D-E5A2-4CA8-9F93-8BB7C4F6A504}.Release|x64.Build.0 = Release|x64
		{D6CDAF13-6A78-4A18-93AB-3B2D0CC99E35}.Debug|x64.ActiveCfg = Debug|x64
		{D6CDAF13-6A78-4A18-93AB-3B2D0CC99E35}.Debug|x64.Build.0 = Debug|x64
		{D6CDAF13-6A78-4A18-93AB-3B2D0CC99E35}.Release|x64.ActiveCfg = Release|x64
		{D6CDAF13-6A78-4A18-93AB-3B2D0CC99E35}.Release|x64.Build.0 = Release|x64
		{7EA0B44A-3223-4C2F-8D3B-9A4C8DFF1122}.Debug|x64.ActiveCfg = Debug|x64
		{7EA0B44A-3223-4C2F-8D3B-9A4C8DFF1122}.Debug|x64.Build.0 = Debug|x64
		{7EA0B44A-3223-4C2F-8D3B-9A4C8DFF1122}.Release|x64.ActiveCfg = Release|x64
		{7EA0B44A-3223-4C2F-8D3B-9A4C8DFF1122}.Release|x64.Build.0 = Release|x64
		{A589BDAD-F0C4-49AF-85F6-57A57FCC6B3D}.Debug|x64.ActiveCfg = Debug|x64
		{A589BDAD-F0C4-49AF-85F6-57A57FCC6B3D}.Debug|x64.Build.0 = Debug|x64
		{A589BDAD-F0C4-49AF-85F6-57A57FCC6B3D}.Release|x64.ActiveCfg = Release|x64
		{A589BDAD-F0C4-49AF-85F6-57A57FCC6B3D}.Release|x64.Build.0 = Release|x64
	EndGlobalSection
	GlobalSection(SolutionProperties) = preSolution
		HideSolutionNode = FALSE
	EndGlobalSection
EndGlobal
